
Microsoft Visual Studio Solution File, Format Version 12.00
# Visual Studio Version 16
VisualStudioVersion = 16.0.31321.278
MinimumVisualStudioVersion = 10.0.40219.1
Project("{FAE04EC0-301F-11D3-BF4B-00C04F79EFBC}") = "HouseSystem", "HouseSystem.csproj", "{5C9046DF-11F8-4C06-87A5-0A083219AB79}"
EndProject
Global
	GlobalSection(SolutionConfigurationPlatforms) = preSolution
		Debug|Any CPU = Debug|Any CPU
		Release|Any CPU = Release|Any CPU
	EndGlobalSection
	GlobalSection(ProjectConfigurationPlatforms) = postSolution
		{5C9046DF-11F8-4C06-87A5-0A083219AB79}.Debug|Any CPU.ActiveCfg = Debug|Any CPU
		{5C9046DF-11F8-4C06-87A5-0A083219AB79}.Debug|Any CPU.Build.0 = Debug|Any CPU
		{5C9046DF-11F8-4C06-87A5-0A083219AB79}.Release|Any CPU.ActiveCfg = Release|Any CPU
		{5C9046DF-11F8-4C06-87A5-0A083219AB79}.Release|Any CPU.Build.0 = Release|Any CPU
	EndGlobalSection
	GlobalSection(SolutionProperties) = preSolution
		HideSolutionNode = FALSE
	EndGlobalSection
	GlobalSection(ExtensibilityGlobals) = postSolution
		SolutionGuid = {FA87606A-D65E-4F29-A956-63E536D284D5}
	EndGlobalSection
EndGlobal
